
Microsoft Visual Studio Solution File, Format Version 12.00
# Visual Studio 15
VisualStudioVersion = 15.0.28307.852
MinimumVisualStudioVersion = 10.0.40219.1
Project("{FAE04EC0-301F-11D3-BF4B-00C04F79EFBC}") = "SARIVAN_WILLIAM_1065_Project", "SARIVAN_WILLIAM_1065_Project\SARIVAN_WILLIAM_1065_Project.csproj", "{8DCB302F-628C-4256-97AD-7D38C946170A}"
EndProject
Global
	GlobalSection(SolutionConfigurationPlatforms) = preSolution
		Debug|Any CPU = Debug|Any CPU
		Release|Any CPU = Release|Any CPU
	EndGlobalSection
	GlobalSection(ProjectConfigurationPlatforms) = postSolution
		{8DCB302F-628C-4256-97AD-7D38C946170A}.Debug|Any CPU.ActiveCfg = Debug|Any CPU
		{8DCB302F-628C-4256-97AD-7D38C946170A}.Debug|Any CPU.Build.0 = Debug|Any CPU
		{8DCB302F-628C-4256-97AD-7D38C946170A}.Release|Any CPU.ActiveCfg = Release|Any CPU
		{8DCB302F-628C-4256-97AD-7D38C946170A}.Release|Any CPU.Build.0 = Release|Any CPU
	EndGlobalSection
	GlobalSection(SolutionProperties) = preSolution
		HideSolutionNode = FALSE
	EndGlobalSection
	GlobalSection(ExtensibilityGlobals) = postSolution
		SolutionGuid = {E5FE885F-4D2C-4FC4-A7C0-945AACEA9902}
	EndGlobalSection
EndGlobal
